// !$*UTF8*$!
{
	archiveVersion = 1;
	classes = {
	};
	objectVersion = 56;
	objects = {

/* Begin PBXBuildFile section */
		A00000000000000000000001 /* WinnowApp.swift in Sources */ = {isa = PBXBuildFile; fileRef = B00000000000000000000001 /* WinnowApp.swift */; };
		A00000000000000000000002 /* Models.swift in Sources */ = {isa = PBXBuildFile; fileRef = B00000000000000000000002 /* Models.swift */; };
		A00000000000000000000003 /* APIClient.swift in Sources */ = {isa = PBXBuildFile; fileRef = B00000000000000000000003 /* APIClient.swift */; };
		A00000000000000000000004 /* KeychainStore.swift in Sources */ = {isa = PBXBuildFile; fileRef = B00000000000000000000004 /* KeychainStore.swift */; };
		A00000000000000000000005 /* AppModel.swift in Sources */ = {isa = PBXBuildFile; fileRef = B00000000000000000000005 /* AppModel.swift */; };
		A00000000000000000000006 /* DesignSystem.swift in Sources */ = {isa = PBXBuildFile; fileRef = B00000000000000000000006 /* DesignSystem.swift */; };
		A00000000000000000000007 /* RootView.swift in Sources */ = {isa = PBXBuildFile; fileRef = B00000000000000000000007 /* RootView.swift */; };
		A00000000000000000000008 /* InboxView.swift in Sources */ = {isa = PBXBuildFile; fileRef = B00000000000000000000008 /* InboxView.swift */; };
		A00000000000000000000009 /* EmailDetailView.swift in Sources */ = {isa = PBXBuildFile; fileRef = B00000000000000000000009 /* EmailDetailView.swift */; };
		A0000000000000000000000A /* TodayView.swift in Sources */ = {isa = PBXBuildFile; fileRef = B0000000000000000000000A /* TodayView.swift */; };
		A0000000000000000000000B /* SettingsView.swift in Sources */ = {isa = PBXBuildFile; fileRef = B0000000000000000000000B /* SettingsView.swift */; };
		A0000000000000000000000C /* Assets.xcassets in Resources */ = {isa = PBXBuildFile; fileRef = B0000000000000000000000C /* Assets.xcassets */; };
		A0000000000000000000000D /* ModelDecodingTests.swift in Sources */ = {isa = PBXBuildFile; fileRef = B0000000000000000000000E /* ModelDecodingTests.swift */; };
		A0000000000000000000000E /* NotificationManager.swift in Sources */ = {isa = PBXBuildFile; fileRef = B0000000000000000000000F /* NotificationManager.swift */; };
		A0000000000000000000000F /* WidgetSnapshot.swift in Sources */ = {isa = PBXBuildFile; fileRef = B00000000000000000000010 /* WidgetSnapshot.swift */; };
		A00000000000000000000010 /* WinnowWidget.swift in Sources */ = {isa = PBXBuildFile; fileRef = B00000000000000000000011 /* WinnowWidget.swift */; };
		A00000000000000000000011 /* WidgetSnapshot.swift in Sources */ = {isa = PBXBuildFile; fileRef = B00000000000000000000010 /* WidgetSnapshot.swift */; };
		A00000000000000000000012 /* WinnowWidget.appex in Embed App Extensions */ = {isa = PBXBuildFile; fileRef = B10000000000000000000003 /* WinnowWidget.appex */; settings = {ATTRIBUTES = (CodeSignOnCopy, RemoveHeadersOnCopy, ); }; };
/* End PBXBuildFile section */

/* Begin PBXContainerItemProxy section */
		C10000000000000000000001 /* PBXContainerItemProxy */ = {
			isa = PBXContainerItemProxy;
			containerPortal = D10000000000000000000001 /* Project object */;
			proxyType = 1;
			remoteGlobalIDString = D00000000000000000000001;
			remoteInfo = Winnow;
		};
		C10000000000000000000002 /* PBXContainerItemProxy */ = {
			isa = PBXContainerItemProxy;
			containerPortal = D10000000000000000000001 /* Project object */;
			proxyType = 1;
			remoteGlobalIDString = D00000000000000000000003;
			remoteInfo = WinnowWidget;
		};
/* End PBXContainerItemProxy section */

/* Begin PBXFileReference section */
		B00000000000000000000001 /* WinnowApp.swift */ = {isa = PBXFileReference; lastKnownFileType = sourcecode.swift; path = WinnowApp.swift; sourceTree = "<group>"; };
		B00000000000000000000002 /* Models.swift */ = {isa = PBXFileReference; lastKnownFileType = sourcecode.swift; path = Models.swift; sourceTree = "<group>"; };
		B00000000000000000000003 /* APIClient.swift */ = {isa = PBXFileReference; lastKnownFileType = sourcecode.swift; path = APIClient.swift; sourceTree = "<group>"; };
		B00000000000000000000004 /* KeychainStore.swift */ = {isa = PBXFileReference; lastKnownFileType = sourcecode.swift; path = KeychainStore.swift; sourceTree = "<group>"; };
		B00000000000000000000005 /* AppModel.swift */ = {isa = PBXFileReference; lastKnownFileType = sourcecode.swift; path = AppModel.swift; sourceTree = "<group>"; };
		B00000000000000000000006 /* DesignSystem.swift */ = {isa = PBXFileReference; lastKnownFileType = sourcecode.swift; path = DesignSystem.swift; sourceTree = "<group>"; };
		B00000000000000000000007 /* RootView.swift */ = {isa = PBXFileReference; lastKnownFileType = sourcecode.swift; path = RootView.swift; sourceTree = "<group>"; };
		B00000000000000000000008 /* InboxView.swift */ = {isa = PBXFileReference; lastKnownFileType = sourcecode.swift; path = InboxView.swift; sourceTree = "<group>"; };
		B00000000000000000000009 /* EmailDetailView.swift */ = {isa = PBXFileReference; lastKnownFileType = sourcecode.swift; path = EmailDetailView.swift; sourceTree = "<group>"; };
		B0000000000000000000000A /* TodayView.swift */ = {isa = PBXFileReference; lastKnownFileType = sourcecode.swift; path = TodayView.swift; sourceTree = "<group>"; };
		B0000000000000000000000B /* SettingsView.swift */ = {isa = PBXFileReference; lastKnownFileType = sourcecode.swift; path = SettingsView.swift; sourceTree = "<group>"; };
		B0000000000000000000000C /* Assets.xcassets */ = {isa = PBXFileReference; lastKnownFileType = folder.assetcatalog; path = Assets.xcassets; sourceTree = "<group>"; };
		B0000000000000000000000D /* Info.plist */ = {isa = PBXFileReference; lastKnownFileType = text.plist.xml; path = Info.plist; sourceTree = "<group>"; };
		B0000000000000000000000E /* ModelDecodingTests.swift */ = {isa = PBXFileReference; lastKnownFileType = sourcecode.swift; path = ModelDecodingTests.swift; sourceTree = "<group>"; };
		B0000000000000000000000F /* NotificationManager.swift */ = {isa = PBXFileReference; lastKnownFileType = sourcecode.swift; path = NotificationManager.swift; sourceTree = "<group>"; };
		B00000000000000000000010 /* WidgetSnapshot.swift */ = {isa = PBXFileReference; lastKnownFileType = sourcecode.swift; path = WidgetSnapshot.swift; sourceTree = "<group>"; };
		B00000000000000000000011 /* WinnowWidget.swift */ = {isa = PBXFileReference; lastKnownFileType = sourcecode.swift; path = WinnowWidget.swift; sourceTree = "<group>"; };
		B00000000000000000000012 /* Info.plist */ = {isa = PBXFileReference; lastKnownFileType = text.plist.xml; path = Info.plist; sourceTree = "<group>"; };
		B00000000000000000000013 /* WinnowWidget.entitlements */ = {isa = PBXFileReference; lastKnownFileType = text.plist.entitlements; path = WinnowWidget.entitlements; sourceTree = "<group>"; };
		B00000000000000000000014 /* Winnow.entitlements */ = {isa = PBXFileReference; lastKnownFileType = text.plist.entitlements; path = Winnow.entitlements; sourceTree = "<group>"; };
		B10000000000000000000001 /* Winnow.app */ = {isa = PBXFileReference; explicitFileType = wrapper.application; includeInIndex = 0; path = Winnow.app; sourceTree = BUILT_PRODUCTS_DIR; };
		B10000000000000000000002 /* WinnowTests.xctest */ = {isa = PBXFileReference; explicitFileType = wrapper.cfbundle; includeInIndex = 0; path = WinnowTests.xctest; sourceTree = BUILT_PRODUCTS_DIR; };
		B10000000000000000000003 /* WinnowWidget.appex */ = {isa = PBXFileReference; explicitFileType = "wrapper.app-extension"; includeInIndex = 0; path = WinnowWidget.appex; sourceTree = BUILT_PRODUCTS_DIR; };
/* End PBXFileReference section */

/* Begin PBXFrameworksBuildPhase section */
		F10000000000000000000001 /* Frameworks */ = {
			isa = PBXFrameworksBuildPhase;
			buildActionMask = 2147483647;
			files = (
			);
			runOnlyForDeploymentPostprocessing = 0;
		};
		F10000000000000000000002 /* Frameworks */ = {
			isa = PBXFrameworksBuildPhase;
			buildActionMask = 2147483647;
			files = (
			);
			runOnlyForDeploymentPostprocessing = 0;
		};
		F10000000000000000000003 /* Frameworks */ = {
			isa = PBXFrameworksBuildPhase;
			buildActionMask = 2147483647;
			files = (
			);
			runOnlyForDeploymentPostprocessing = 0;
		};
/* End PBXFrameworksBuildPhase section */

/* Begin PBXGroup section */
		C00000000000000000000001 = {
			isa = PBXGroup;
			children = (
				C00000000000000000000002 /* Winnow */,
				C00000000000000000000003 /* WinnowTests */,
				C00000000000000000000005 /* WinnowWidget */,
				C00000000000000000000004 /* Products */,
			);
			sourceTree = "<group>";
		};
		C00000000000000000000002 /* Winnow */ = {
			isa = PBXGroup;
			children = (
				B00000000000000000000001 /* WinnowApp.swift */,
				B00000000000000000000002 /* Models.swift */,
				B00000000000000000000003 /* APIClient.swift */,
				B00000000000000000000004 /* KeychainStore.swift */,
				B00000000000000000000005 /* AppModel.swift */,
				B00000000000000000000006 /* DesignSystem.swift */,
				B00000000000000000000007 /* RootView.swift */,
				B00000000000000000000008 /* InboxView.swift */,
				B00000000000000000000009 /* EmailDetailView.swift */,
				B0000000000000000000000A /* TodayView.swift */,
				B0000000000000000000000B /* SettingsView.swift */,
				B0000000000000000000000C /* Assets.xcassets */,
				B0000000000000000000000D /* Info.plist */,
				B0000000000000000000000F /* NotificationManager.swift */,
				B00000000000000000000010 /* WidgetSnapshot.swift */,
				B00000000000000000000014 /* Winnow.entitlements */,
			);
			path = Winnow;
			sourceTree = "<group>";
		};
		C00000000000000000000003 /* WinnowTests */ = {
			isa = PBXGroup;
			children = (
				B0000000000000000000000E /* ModelDecodingTests.swift */,
			);
			path = WinnowTests;
			sourceTree = "<group>";
		};
		C00000000000000000000004 /* Products */ = {
			isa = PBXGroup;
			children = (
				B10000000000000000000001 /* Winnow.app */,
				B10000000000000000000002 /* WinnowTests.xctest */,
				B10000000000000000000003 /* WinnowWidget.appex */,
			);
			name = Products;
			sourceTree = "<group>";
		};
		C00000000000000000000005 /* WinnowWidget */ = {
			isa = PBXGroup;
			children = (
				B00000000000000000000011 /* WinnowWidget.swift */,
				B00000000000000000000012 /* Info.plist */,
				B00000000000000000000013 /* WinnowWidget.entitlements */,
			);
			path = WinnowWidget;
			sourceTree = "<group>";
		};
/* End PBXGroup section */

/* Begin PBXNativeTarget section */
		D00000000000000000000001 /* Winnow */ = {
			isa = PBXNativeTarget;
			buildConfigurationList = E00000000000000000000002 /* Build configuration list for PBXNativeTarget "Winnow" */;
			buildPhases = (
				F00000000000000000000001 /* Sources */,
				F10000000000000000000001 /* Frameworks */,
				F20000000000000000000001 /* Resources */,
				F30000000000000000000001 /* Embed App Extensions */,
			);
			buildRules = (
			);
			dependencies = (
				C20000000000000000000002 /* PBXTargetDependency */,
			);
			name = Winnow;
			productName = Winnow;
			productReference = B10000000000000000000001 /* Winnow.app */;
			productType = "com.apple.product-type.application";
		};
		D00000000000000000000003 /* WinnowWidget */ = {
			isa = PBXNativeTarget;
			buildConfigurationList = E00000000000000000000004 /* Build configuration list for PBXNativeTarget "WinnowWidget" */;
			buildPhases = (
				F00000000000000000000003 /* Sources */,
				F10000000000000000000003 /* Frameworks */,
				F20000000000000000000003 /* Resources */,
			);
			buildRules = (
			);
			dependencies = (
			);
			name = WinnowWidget;
			productName = WinnowWidget;
			productReference = B10000000000000000000003 /* WinnowWidget.appex */;
			productType = "com.apple.product-type.app-extension";
		};
		D00000000000000000000002 /* WinnowTests */ = {
			isa = PBXNativeTarget;
			buildConfigurationList = E00000000000000000000003 /* Build configuration list for PBXNativeTarget "WinnowTests" */;
			buildPhases = (
				F00000000000000000000002 /* Sources */,
				F10000000000000000000002 /* Frameworks */,
				F20000000000000000000002 /* Resources */,
			);
			buildRules = (
			);
			dependencies = (
				C20000000000000000000001 /* PBXTargetDependency */,
			);
			name = WinnowTests;
			productName = WinnowTests;
			productReference = B10000000000000000000002 /* WinnowTests.xctest */;
			productType = "com.apple.product-type.bundle.unit-test";
		};
/* End PBXNativeTarget section */

/* Begin PBXProject section */
		D10000000000000000000001 /* Project object */ = {
			isa = PBXProject;
			attributes = {
				BuildIndependentTargetsInParallel = 1;
				LastSwiftUpdateCheck = 2640;
				LastUpgradeCheck = 2640;
				TargetAttributes = {
					D00000000000000000000001 = {
						CreatedOnToolsVersion = 26.4;
						ProvisioningStyle = Automatic;
					};
					D00000000000000000000002 = {
						CreatedOnToolsVersion = 26.4;
					};
				};
			};
			buildConfigurationList = E00000000000000000000001 /* Build configuration list for PBXProject "Winnow" */;
			compatibilityVersion = "Xcode 14.0";
			developmentRegion = en;
			hasScannedForEncodings = 0;
			knownRegions = (
				en,
				Base,
			);
			mainGroup = C00000000000000000000001;
			productRefGroup = C00000000000000000000004 /* Products */;
			projectDirPath = "";
			projectRoot = "";
			targets = (
				D00000000000000000000001 /* Winnow */,
				D00000000000000000000002 /* WinnowTests */,
				D00000000000000000000003 /* WinnowWidget */,
			);
		};
/* End PBXProject section */

/* Begin PBXResourcesBuildPhase section */
		F20000000000000000000001 /* Resources */ = {
			isa = PBXResourcesBuildPhase;
			buildActionMask = 2147483647;
			files = (
				A0000000000000000000000C /* Assets.xcassets in Resources */,
			);
			runOnlyForDeploymentPostprocessing = 0;
		};
		F20000000000000000000002 /* Resources */ = {
			isa = PBXResourcesBuildPhase;
			buildActionMask = 2147483647;
			files = (
			);
			runOnlyForDeploymentPostprocessing = 0;
		};
		F20000000000000000000003 /* Resources */ = {
			isa = PBXResourcesBuildPhase;
			buildActionMask = 2147483647;
			files = (
			);
			runOnlyForDeploymentPostprocessing = 0;
		};
/* End PBXResourcesBuildPhase section */

/* Begin PBXCopyFilesBuildPhase section */
		F30000000000000000000001 /* Embed App Extensions */ = {
			isa = PBXCopyFilesBuildPhase;
			buildActionMask = 2147483647;
			dstPath = "";
			dstSubfolderSpec = 13;
			files = (
				A00000000000000000000012 /* WinnowWidget.appex in Embed App Extensions */,
			);
			name = "Embed App Extensions";
			runOnlyForDeploymentPostprocessing = 0;
		};
/* End PBXCopyFilesBuildPhase section */

/* Begin PBXSourcesBuildPhase section */
		F00000000000000000000001 /* Sources */ = {
			isa = PBXSourcesBuildPhase;
			buildActionMask = 2147483647;
			files = (
				A00000000000000000000001 /* WinnowApp.swift in Sources */,
				A00000000000000000000002 /* Models.swift in Sources */,
				A00000000000000000000003 /* APIClient.swift in Sources */,
				A00000000000000000000004 /* KeychainStore.swift in Sources */,
				A00000000000000000000005 /* AppModel.swift in Sources */,
				A00000000000000000000006 /* DesignSystem.swift in Sources */,
				A00000000000000000000007 /* RootView.swift in Sources */,
				A00000000000000000000008 /* InboxView.swift in Sources */,
				A00000000000000000000009 /* EmailDetailView.swift in Sources */,
				A0000000000000000000000A /* TodayView.swift in Sources */,
				A0000000000000000000000B /* SettingsView.swift in Sources */,
				A0000000000000000000000E /* NotificationManager.swift in Sources */,
				A0000000000000000000000F /* WidgetSnapshot.swift in Sources */,
			);
			runOnlyForDeploymentPostprocessing = 0;
		};
		F00000000000000000000003 /* Sources */ = {
			isa = PBXSourcesBuildPhase;
			buildActionMask = 2147483647;
			files = (
				A00000000000000000000010 /* WinnowWidget.swift in Sources */,
				A00000000000000000000011 /* WidgetSnapshot.swift in Sources */,
			);
			runOnlyForDeploymentPostprocessing = 0;
		};
		F00000000000000000000002 /* Sources */ = {
			isa = PBXSourcesBuildPhase;
			buildActionMask = 2147483647;
			files = (
				A0000000000000000000000D /* ModelDecodingTests.swift in Sources */,
			);
			runOnlyForDeploymentPostprocessing = 0;
		};
/* End PBXSourcesBuildPhase section */

/* Begin PBXTargetDependency section */
		C20000000000000000000001 /* PBXTargetDependency */ = {
			isa = PBXTargetDependency;
			target = D00000000000000000000001 /* Winnow */;
			targetProxy = C10000000000000000000001 /* PBXContainerItemProxy */;
		};
		C20000000000000000000002 /* PBXTargetDependency */ = {
			isa = PBXTargetDependency;
			target = D00000000000000000000003 /* WinnowWidget */;
			targetProxy = C10000000000000000000002 /* PBXContainerItemProxy */;
		};
/* End PBXTargetDependency section */

/* Begin XCBuildConfiguration section */
		E10000000000000000000001 /* Debug */ = {
			isa = XCBuildConfiguration;
			buildSettings = {
				ALWAYS_SEARCH_USER_PATHS = NO;
				CLANG_ANALYZER_NONNULL = YES;
				CLANG_ENABLE_MODULES = YES;
				CLANG_ENABLE_OBJC_ARC = YES;
				CLANG_WARN_BOOL_CONVERSION = YES;
				CLANG_WARN_COMMA = YES;
				CLANG_WARN_CONSTANT_CONVERSION = YES;
				CLANG_WARN_DEPRECATED_OBJC_IMPLEMENTATIONS = YES;
				CLANG_WARN_DIRECT_OBJC_ISA_USAGE = YES_ERROR;
				CLANG_WARN_EMPTY_BODY = YES;
				CLANG_WARN_ENUM_CONVERSION = YES;
				CLANG_WARN_INFINITE_RECURSION = YES;
				CLANG_WARN_INT_CONVERSION = YES;
				CLANG_WARN_NON_LITERAL_NULL_CONVERSION = YES;
				CLANG_WARN_OBJC_IMPLICIT_RETAIN_SELF = YES;
				CLANG_WARN_OBJC_LITERAL_CONVERSION = YES;
				CLANG_WARN_OBJC_ROOT_CLASS = YES_ERROR;
				CLANG_WARN_QUOTED_INCLUDE_IN_FRAMEWORK_HEADER = YES;
				CLANG_WARN_RANGE_LOOP_ANALYSIS = YES;
				CLANG_WARN_STRICT_PROTOTYPES = YES;
				CLANG_WARN_SUSPICIOUS_MOVE = YES;
				CLANG_WARN_UNGUARDED_AVAILABILITY = YES_AGGRESSIVE;
				CLANG_WARN_UNREACHABLE_CODE = YES;
				COPY_PHASE_STRIP = NO;
				DEBUG_INFORMATION_FORMAT = dwarf;
				ENABLE_TESTABILITY = YES;
				GCC_C_LANGUAGE_STANDARD = gnu17;
				GCC_NO_COMMON_BLOCKS = YES;
				GCC_OPTIMIZATION_LEVEL = 0;
				GCC_PREPROCESSOR_DEFINITIONS = (
					"DEBUG=1",
					"$(inherited)",
				);
				GCC_WARN_64_TO_32_BIT_CONVERSION = YES;
				GCC_WARN_ABOUT_RETURN_TYPE = YES_ERROR;
				GCC_WARN_UNDECLARED_SELECTOR = YES;
				GCC_WARN_UNINITIALIZED_AUTOS = YES_AGGRESSIVE;
				GCC_WARN_UNUSED_FUNCTION = YES;
				GCC_WARN_UNUSED_VARIABLE = YES;
				IPHONEOS_DEPLOYMENT_TARGET = 17.0;
				MTL_ENABLE_DEBUG_INFO = INCLUDE_SOURCE;
				MTL_FAST_MATH = YES;
				ONLY_ACTIVE_ARCH = YES;
				SDKROOT = iphoneos;
				SWIFT_ACTIVE_COMPILATION_CONDITIONS = "DEBUG $(inherited)";
				SWIFT_OPTIMIZATION_LEVEL = "-Onone";
			};
			name = Debug;
		};
		E10000000000000000000002 /* Release */ = {
			isa = XCBuildConfiguration;
			buildSettings = {
				ALWAYS_SEARCH_USER_PATHS = NO;
				CLANG_ANALYZER_NONNULL = YES;
				CLANG_ENABLE_MODULES = YES;
				CLANG_ENABLE_OBJC_ARC = YES;
				CLANG_WARN_BOOL_CONVERSION = YES;
				CLANG_WARN_COMMA = YES;
				CLANG_WARN_CONSTANT_CONVERSION = YES;
				CLANG_WARN_DEPRECATED_OBJC_IMPLEMENTATIONS = YES;
				CLANG_WARN_DIRECT_OBJC_ISA_USAGE = YES_ERROR;
				CLANG_WARN_EMPTY_BODY = YES;
				CLANG_WARN_ENUM_CONVERSION = YES;
				CLANG_WARN_INFINITE_RECURSION = YES;
				CLANG_WARN_INT_CONVERSION = YES;
				CLANG_WARN_NON_LITERAL_NULL_CONVERSION = YES;
				CLANG_WARN_OBJC_IMPLICIT_RETAIN_SELF = YES;
				CLANG_WARN_OBJC_LITERAL_CONVERSION = YES;
				CLANG_WARN_OBJC_ROOT_CLASS = YES_ERROR;
				CLANG_WARN_QUOTED_INCLUDE_IN_FRAMEWORK_HEADER = YES;
				CLANG_WARN_RANGE_LOOP_ANALYSIS = YES;
				CLANG_WARN_STRICT_PROTOTYPES = YES;
				CLANG_WARN_SUSPICIOUS_MOVE = YES;
				CLANG_WARN_UNGUARDED_AVAILABILITY = YES_AGGRESSIVE;
				CLANG_WARN_UNREACHABLE_CODE = YES;
				COPY_PHASE_STRIP = YES;
				DEBUG_INFORMATION_FORMAT = "dwarf-with-dsym";
				ENABLE_NS_ASSERTIONS = NO;
				GCC_C_LANGUAGE_STANDARD = gnu17;
				GCC_NO_COMMON_BLOCKS = YES;
				GCC_WARN_64_TO_32_BIT_CONVERSION = YES;
				GCC_WARN_ABOUT_RETURN_TYPE = YES_ERROR;
				GCC_WARN_UNDECLARED_SELECTOR = YES;
				GCC_WARN_UNINITIALIZED_AUTOS = YES_AGGRESSIVE;
				GCC_WARN_UNUSED_FUNCTION = YES;
				GCC_WARN_UNUSED_VARIABLE = YES;
				IPHONEOS_DEPLOYMENT_TARGET = 17.0;
				MTL_ENABLE_DEBUG_INFO = NO;
				MTL_FAST_MATH = YES;
				SDKROOT = iphoneos;
				SWIFT_COMPILATION_MODE = wholemodule;
			};
			name = Release;
		};
		E10000000000000000000003 /* Debug */ = {
			isa = XCBuildConfiguration;
			buildSettings = {
				ASSETCATALOG_COMPILER_APPICON_NAME = AppIcon;
				ASSETCATALOG_COMPILER_GLOBAL_ACCENT_COLOR_NAME = AccentColor;
				CODE_SIGN_STYLE = Automatic;
				CODE_SIGN_ENTITLEMENTS = Winnow/Winnow.entitlements;
				APS_ENVIRONMENT = development;
				CURRENT_PROJECT_VERSION = 1;
				DEVELOPMENT_TEAM = 842K77RHSG;
				ENABLE_PREVIEWS = YES;
				GENERATE_INFOPLIST_FILE = NO;
				INFOPLIST_FILE = Winnow/Info.plist;
				INFOPLIST_KEY_UIApplicationSupportsIndirectInputEvents = YES;
				LD_RUNPATH_SEARCH_PATHS = (
					"$(inherited)",
					"@executable_path/Frameworks",
				);
				MARKETING_VERSION = 1.0;
				PRODUCT_BUNDLE_IDENTIFIER = com.cameronehrlich.Winnow;
				PRODUCT_NAME = "$(TARGET_NAME)";
				SUPPORTED_PLATFORMS = "iphoneos iphonesimulator";
				SUPPORTS_MACCATALYST = NO;
				TARGETED_DEVICE_FAMILY = "1,2";
				SWIFT_EMIT_LOC_STRINGS = YES;
				SWIFT_VERSION = 5.0;
			};
			name = Debug;
		};
		E10000000000000000000004 /* Release */ = {
			isa = XCBuildConfiguration;
			buildSettings = {
				ASSETCATALOG_COMPILER_APPICON_NAME = AppIcon;
				ASSETCATALOG_COMPILER_GLOBAL_ACCENT_COLOR_NAME = AccentColor;
				CODE_SIGN_STYLE = Automatic;
				CODE_SIGN_ENTITLEMENTS = Winnow/Winnow.entitlements;
				APS_ENVIRONMENT = production;
				CURRENT_PROJECT_VERSION = 1;
				DEVELOPMENT_TEAM = 842K77RHSG;
				ENABLE_PREVIEWS = YES;
				GENERATE_INFOPLIST_FILE = NO;
				INFOPLIST_FILE = Winnow/Info.plist;
				INFOPLIST_KEY_UIApplicationSupportsIndirectInputEvents = YES;
				LD_RUNPATH_SEARCH_PATHS = (
					"$(inherited)",
					"@executable_path/Frameworks",
				);
				MARKETING_VERSION = 1.0;
				PRODUCT_BUNDLE_IDENTIFIER = com.cameronehrlich.Winnow;
				PRODUCT_NAME = "$(TARGET_NAME)";
				SUPPORTED_PLATFORMS = "iphoneos iphonesimulator";
				SUPPORTS_MACCATALYST = NO;
				TARGETED_DEVICE_FAMILY = "1,2";
				SWIFT_EMIT_LOC_STRINGS = YES;
				SWIFT_VERSION = 5.0;
			};
			name = Release;
		};
		E10000000000000000000005 /* Debug */ = {
			isa = XCBuildConfiguration;
			buildSettings = {
				BUNDLE_LOADER = "$(TEST_HOST)";
				CODE_SIGN_STYLE = Automatic;
				CURRENT_PROJECT_VERSION = 1;
				DEVELOPMENT_TEAM = 842K77RHSG;
				GENERATE_INFOPLIST_FILE = YES;
				MARKETING_VERSION = 1.0;
				PRODUCT_BUNDLE_IDENTIFIER = com.cameronehrlich.WinnowTests;
				PRODUCT_NAME = "$(TARGET_NAME)";
				SWIFT_VERSION = 5.0;
				TARGETED_DEVICE_FAMILY = "1,2";
				TEST_HOST = "$(BUILT_PRODUCTS_DIR)/Winnow.app/$(BUNDLE_EXECUTABLE_FOLDER_PATH)/Winnow";
			};
			name = Debug;
		};
		E10000000000000000000006 /* Release */ = {
			isa = XCBuildConfiguration;
			buildSettings = {
				BUNDLE_LOADER = "$(TEST_HOST)";
				CODE_SIGN_STYLE = Automatic;
				CURRENT_PROJECT_VERSION = 1;
				DEVELOPMENT_TEAM = 842K77RHSG;
				GENERATE_INFOPLIST_FILE = YES;
				MARKETING_VERSION = 1.0;
				PRODUCT_BUNDLE_IDENTIFIER = com.cameronehrlich.WinnowTests;
				PRODUCT_NAME = "$(TARGET_NAME)";
				SWIFT_VERSION = 5.0;
				TARGETED_DEVICE_FAMILY = "1,2";
				TEST_HOST = "$(BUILT_PRODUCTS_DIR)/Winnow.app/$(BUNDLE_EXECUTABLE_FOLDER_PATH)/Winnow";
			};
			name = Release;
		};
		E10000000000000000000007 /* Debug */ = {
			isa = XCBuildConfiguration;
			buildSettings = {
				APPLICATION_EXTENSION_API_ONLY = YES;
				CODE_SIGN_ENTITLEMENTS = WinnowWidget/WinnowWidget.entitlements;
				CODE_SIGN_STYLE = Automatic;
				CURRENT_PROJECT_VERSION = 1;
				DEVELOPMENT_TEAM = 842K77RHSG;
				GENERATE_INFOPLIST_FILE = NO;
				INFOPLIST_FILE = WinnowWidget/Info.plist;
				IPHONEOS_DEPLOYMENT_TARGET = 17.0;
				LD_RUNPATH_SEARCH_PATHS = (
					"$(inherited)",
					"@executable_path/Frameworks",
					"@executable_path/../../Frameworks",
				);
				MARKETING_VERSION = 1.0;
				PRODUCT_BUNDLE_IDENTIFIER = com.cameronehrlich.Winnow.WinnowWidget;
				PRODUCT_NAME = "$(TARGET_NAME)";
				SKIP_INSTALL = YES;
				SUPPORTED_PLATFORMS = "iphoneos iphonesimulator";
				SWIFT_ACTIVE_COMPILATION_CONDITIONS = "WIDGET_EXTENSION $(inherited)";
				SWIFT_EMIT_LOC_STRINGS = YES;
				SWIFT_VERSION = 5.0;
				TARGETED_DEVICE_FAMILY = "1,2";
			};
			name = Debug;
		};
		E10000000000000000000008 /* Release */ = {
			isa = XCBuildConfiguration;
			buildSettings = {
				APPLICATION_EXTENSION_API_ONLY = YES;
				CODE_SIGN_ENTITLEMENTS = WinnowWidget/WinnowWidget.entitlements;
				CODE_SIGN_STYLE = Automatic;
				CURRENT_PROJECT_VERSION = 1;
				DEVELOPMENT_TEAM = 842K77RHSG;
				GENERATE_INFOPLIST_FILE = NO;
				INFOPLIST_FILE = WinnowWidget/Info.plist;
				IPHONEOS_DEPLOYMENT_TARGET = 17.0;
				LD_RUNPATH_SEARCH_PATHS = (
					"$(inherited)",
					"@executable_path/Frameworks",
					"@executable_path/../../Frameworks",
				);
				MARKETING_VERSION = 1.0;
				PRODUCT_BUNDLE_IDENTIFIER = com.cameronehrlich.Winnow.WinnowWidget;
				PRODUCT_NAME = "$(TARGET_NAME)";
				SKIP_INSTALL = YES;
				SUPPORTED_PLATFORMS = "iphoneos iphonesimulator";
				SWIFT_ACTIVE_COMPILATION_CONDITIONS = "WIDGET_EXTENSION $(inherited)";
				SWIFT_EMIT_LOC_STRINGS = YES;
				SWIFT_VERSION = 5.0;
				TARGETED_DEVICE_FAMILY = "1,2";
			};
			name = Release;
		};
/* End XCBuildConfiguration section */

/* Begin XCConfigurationList section */
		E00000000000000000000001 /* Build configuration list for PBXProject "Winnow" */ = {
			isa = XCConfigurationList;
			buildConfigurations = (
				E10000000000000000000001 /* Debug */,
				E10000000000000000000002 /* Release */,
			);
			defaultConfigurationIsVisible = 0;
			defaultConfigurationName = Release;
		};
		E00000000000000000000002 /* Build configuration list for PBXNativeTarget "Winnow" */ = {
			isa = XCConfigurationList;
			buildConfigurations = (
				E10000000000000000000003 /* Debug */,
				E10000000000000000000004 /* Release */,
			);
			defaultConfigurationIsVisible = 0;
			defaultConfigurationName = Release;
		};
		E00000000000000000000003 /* Build configuration list for PBXNativeTarget "WinnowTests" */ = {
			isa = XCConfigurationList;
			buildConfigurations = (
				E10000000000000000000005 /* Debug */,
				E10000000000000000000006 /* Release */,
			);
			defaultConfigurationIsVisible = 0;
			defaultConfigurationName = Release;
		};
		E00000000000000000000004 /* Build configuration list for PBXNativeTarget "WinnowWidget" */ = {
			isa = XCConfigurationList;
			buildConfigurations = (
				E10000000000000000000007 /* Debug */,
				E10000000000000000000008 /* Release */,
			);
			defaultConfigurationIsVisible = 0;
			defaultConfigurationName = Release;
		};
/* End XCConfigurationList section */
	};
	rootObject = D10000000000000000000001 /* Project object */;
}
